{
  "name": "doable",
  "lockfileVersion": 3,
  "requires": true,
  "packages": {
    "": {
      "name": "doable",
      "dependencies": {
        "@github/copilot-sdk": "^0.1.32"
      },
      "devDependencies": {
        "prettier": "^3.4.2",
        "turbo": "^2.3.3",
        "typescript": "^5.7.2"
      }
    },
    "node_modules/@github/copilot": {
      "version": "1.0.10",
      "resolved": "https://registry.npmjs.org/@github/copilot/-/copilot-1.0.10.tgz",
      "integrity": "sha512-RpHYMXYpyAgQLYQ3MB8ubV8zMn/zDatwaNmdxcC8ws7jqM+Ojy7Dz4KFKzyT0rCrWoUCAEBXsXoPbP0LY0FgLw==",
      "license": "SEE LICENSE IN LICENSE.md",
      "bin": {
        "copilot": "npm-loader.js"
      },
      "optionalDependencies": {
        "@github/copilot-darwin-arm64": "1.0.10",
        "@github/copilot-darwin-x64": "1.0.10",
        "@github/copilot-linux-arm64": "1.0.10",
        "@github/copilot-linux-x64": "1.0.10",
        "@github/copilot-win32-arm64": "1.0.10",
        "@github/copilot-win32-x64": "1.0.10"
      }
    },
    "node_modules/@github/copilot-darwin-arm64": {
      "version": "1.0.10",
      "resolved": "https://registry.npmjs.org/@github/copilot-darwin-arm64/-/copilot-darwin-arm64-1.0.10.tgz",
      "integrity": "sha512-MNlzwkTQ9iUgHQ+2Z25D0KgYZDEl4riEa1Z4/UCNpHXmmBiIY8xVRbXZTNMB69cnagjQ5Z8D2QM2BjI0kqeFPg==",
      "cpu": [
        "arm64"
      ],
      "license": "SEE LICENSE IN LICENSE.md",
      "optional": true,
      "os": [
        "darwin"
      ],
      "bin": {
        "copilot-darwin-arm64": "copilot"
      }
    },
    "node_modules/@github/copilot-darwin-x64": {
      "version": "1.0.10",
      "resolved": "https://registry.npmjs.org/@github/copilot-darwin-x64/-/copilot-darwin-x64-1.0.10.tgz",
      "integrity": "sha512-zAQBCbEue/n4xHBzE9T03iuupVXvLtu24MDMeXXtIC0d4O+/WV6j1zVJrp9Snwr0MBWYH+wUrV74peDDdd1VOQ==",
      "cpu": [
        "x64"
      ],
      "license": "SEE LICENSE IN LICENSE.md",
      "optional": true,
      "os": [
        "darwin"
      ],
      "bin": {
        "copilot-darwin-x64": "copilot"
      }
    },
    "node_modules/@github/copilot-linux-arm64": {
      "version": "1.0.10",
      "resolved": "https://registry.npmjs.org/@github/copilot-linux-arm64/-/copilot-linux-arm64-1.0.10.tgz",
      "integrity": "sha512-7mJ3uLe7ITyRi2feM1rMLQ5d0bmUGTUwV1ZxKZwSzWCYmuMn05pg4fhIUdxZZZMkLbOl3kG/1J7BxMCTdS2w7A==",
      "cpu": [
        "arm64"
      ],
      "license": "SEE LICENSE IN LICENSE.md",
      "optional": true,
      "os": [
        "linux"
      ],
      "bin": {
        "copilot-linux-arm64": "copilot"
      }
    },
    "node_modules/@github/copilot-linux-x64": {
      "version": "1.0.10",
      "resolved": "https://registry.npmjs.org/@github/copilot-linux-x64/-/copilot-linux-x64-1.0.10.tgz",
      "integrity": "sha512-66NPaxroRScNCs6TZGX3h1RSKtzew0tcHBkj4J1AHkgYLjNHMdjjBwokGtKeMxzYOCAMBbmJkUDdNGkqsKIKUA==",
      "cpu": [
        "x64"
      ],
      "license": "SEE LICENSE IN LICENSE.md",
      "optional": true,
      "os": [
        "linux"
      ],
      "bin": {
        "copilot-linux-x64": "copilot"
      }
    },
    "node_modules/@github/copilot-sdk": {
      "version": "0.1.32",
      "resolved": "https://registry.npmjs.org/@github/copilot-sdk/-/copilot-sdk-0.1.32.tgz",
      "integrity": "sha512-mPWM0fw1Gqc/SW8nl45K8abrFH+92fO7y6tRtRl5imjS5hGapLf/dkX5WDrgPtlsflD0c41lFXVUri5NVJwtoA==",
      "license": "MIT",
      "dependencies": {
        "@github/copilot": "^1.0.2",
        "vscode-jsonrpc": "^8.2.1",
        "zod": "^4.3.6"
      },
      "engines": {
        "node": ">=20.0.0"
      }
    },
    "node_modules/@github/copilot-win32-arm64": {
      "version": "1.0.10",
      "resolved": "https://registry.npmjs.org/@github/copilot-win32-arm64/-/copilot-win32-arm64-1.0.10.tgz",
      "integrity": "sha512-WC5M+M75sxLn4lvZ1wPA1Lrs/vXFisPXJPCKbKOMKqzwMLX/IbuybTV4dZDIyGEN591YmOdRIylUF0tVwO8Zmw==",
      "cpu": [
        "arm64"
      ],
      "license": "SEE LICENSE IN LICENSE.md",
      "optional": true,
      "os": [
        "win32"
      ],
      "bin": {
        "copilot-win32-arm64": "copilot.exe"
      }
    },
    "node_modules/@github/copilot-win32-x64": {
      "version": "1.0.10",
      "resolved": "https://registry.npmjs.org/@github/copilot-win32-x64/-/copilot-win32-x64-1.0.10.tgz",
      "integrity": "sha512-tUfIwyamd0zpm9DVTtbjIWF6j3zrA5A5IkkiuRgsy0HRJPQpeAV7ZYaHEZteHrynaULpl1Gn/Dq0IB4hYc4QtQ==",
      "cpu": [
        "x64"
      ],
      "license": "SEE LICENSE IN LICENSE.md",
      "optional": true,
      "os": [
        "win32"
      ],
      "bin": {
        "copilot-win32-x64": "copilot.exe"
      }
    },
    "node_modules/@turbo/darwin-64": {
      "version": "2.8.20",
      "resolved": "https://registry.npmjs.org/@turbo/darwin-64/-/darwin-64-2.8.20.tgz",
      "integrity": "sha512-FQ9EX1xMU5nbwjxXxM3yU88AQQ6Sqc6S44exPRroMcx9XZHqqppl5ymJF0Ig/z3nvQNwDmz1Gsnvxubo+nXWjQ==",
      "cpu": [
        "x64"
      ],
      "dev": true,
      "license": "MIT",
      "optional": true,
      "os": [
        "darwin"
      ]
    },
    "node_modules/@turbo/darwin-arm64": {
      "version": "2.8.20",
      "resolved": "https://registry.npmjs.org/@turbo/darwin-arm64/-/darwin-arm64-2.8.20.tgz",
      "integrity": "sha512-Gpyh9ATFGThD6/s9L95YWY54cizg/VRWl2B67h0yofG8BpHf67DFAh9nuJVKG7bY0+SBJDAo5cMur+wOl9YOYw==",
      "cpu": [
        "arm64"
      ],
      "dev": true,
      "license": "MIT",
      "optional": true,
      "os": [
        "darwin"
      ]
    },
    "node_modules/@turbo/linux-64": {
      "version": "2.8.20",
      "resolved": "https://registry.npmjs.org/@turbo/linux-64/-/linux-64-2.8.20.tgz",
      "integrity": "sha512-p2QxWUYyYUgUFG0b0kR+pPi8t7c9uaVlRtjTTI1AbCvVqkpjUfCcReBn6DgG/Hu8xrWdKLuyQFaLYFzQskZbcA==",
      "cpu": [
        "x64"
      ],
      "dev": true,
      "license": "MIT",
      "optional": true,
      "os": [
        "linux"
      ]
    },
    "node_modules/@turbo/linux-arm64": {
      "version": "2.8.20",
      "resolved": "https://registry.npmjs.org/@turbo/linux-arm64/-/linux-arm64-2.8.20.tgz",
      "integrity": "sha512-Gn5yjlZGLRZWarLWqdQzv0wMqyBNIdq1QLi48F1oY5Lo9kiohuf7BPQWtWxeNVS2NgJ1+nb/DzK1JduYC4AWOA==",
      "cpu": [
        "arm64"
      ],
      "dev": true,
      "license": "MIT",
      "optional": true,
      "os": [
        "linux"
      ]
    },
    "node_modules/@turbo/windows-64": {
      "version": "2.8.20",
      "resolved": "https://registry.npmjs.org/@turbo/windows-64/-/windows-64-2.8.20.tgz",
      "integrity": "sha512-vyaDpYk/8T6Qz5V/X+ihKvKFEZFUoC0oxYpC1sZanK6gaESJlmV3cMRT3Qhcg4D2VxvtC2Jjs9IRkrZGL+exLw==",
      "cpu": [
        "x64"
      ],
      "dev": true,
      "license": "MIT",
      "optional": true,
      "os": [
        "win32"
      ]
    },
    "node_modules/@turbo/windows-arm64": {
      "version": "2.8.20",
      "resolved": "https://registry.npmjs.org/@turbo/windows-arm64/-/windows-arm64-2.8.20.tgz",
      "integrity": "sha512-voicVULvUV5yaGXo0Iue13BcHGYW3u0VgqSbfQwBaHbpj1zLjYV4KIe+7fYIo6DO8FVUJzxFps3ODCQG/Wy2Qw==",
      "cpu": [
        "arm64"
      ],
      "dev": true,
      "license": "MIT",
      "optional": true,
      "os": [
        "win32"
      ]
    },
    "node_modules/prettier": {
      "version": "3.8.1",
      "resolved": "https://registry.npmjs.org/prettier/-/prettier-3.8.1.tgz",
      "integrity": "sha512-UOnG6LftzbdaHZcKoPFtOcCKztrQ57WkHDeRD9t/PTQtmT0NHSeWWepj6pS0z/N7+08BHFDQVUrfmfMRcZwbMg==",
      "dev": true,
      "license": "MIT",
      "bin": {
        "prettier": "bin/prettier.cjs"
      },
      "engines": {
        "node": ">=14"
      },
      "funding": {
        "url": "https://github.com/prettier/prettier?sponsor=1"
      }
    },
    "node_modules/turbo": {
      "version": "2.8.20",
      "resolved": "https://registry.npmjs.org/turbo/-/turbo-2.8.20.tgz",
      "integrity": "sha512-Rb4qk5YT8RUwwdXtkLpkVhNEe/lor6+WV7S5tTlLpxSz6MjV5Qi8jGNn4gS6NAvrYGA/rNrE6YUQM85sCZUDbQ==",
      "dev": true,
      "license": "MIT",
      "bin": {
        "turbo": "bin/turbo"
      },
      "optionalDependencies": {
        "@turbo/darwin-64": "2.8.20",
        "@turbo/darwin-arm64": "2.8.20",
        "@turbo/linux-64": "2.8.20",
        "@turbo/linux-arm64": "2.8.20",
        "@turbo/windows-64": "2.8.20",
        "@turbo/windows-arm64": "2.8.20"
      }
    },
    "node_modules/typescript": {
      "version": "5.9.3",
      "resolved": "https://registry.npmjs.org/typescript/-/typescript-5.9.3.tgz",
      "integrity": "sha512-jl1vZzPDinLr9eUt3J/t7V6FgNEw9QjvBPdysz9KfQDD41fQrC2Y4vKQdiaUpFT4bXlb1RHhLpp8wtm6M5TgSw==",
      "dev": true,
      "license": "Apache-2.0",
      "bin": {
        "tsc": "bin/tsc",
        "tsserver": "bin/tsserver"
      },
      "engines": {
        "node": ">=14.17"
      }
    },
    "node_modules/vscode-jsonrpc": {
      "version": "8.2.1",
      "resolved": "https://registry.npmjs.org/vscode-jsonrpc/-/vscode-jsonrpc-8.2.1.tgz",
      "integrity": "sha512-kdjOSJ2lLIn7r1rtrMbbNCHjyMPfRnowdKjBQ+mGq6NAW5QY2bEZC/khaC5OR8svbbjvLEaIXkOq45e2X9BIbQ==",
      "license": "MIT",
      "engines": {
        "node": ">=14.0.0"
      }
    },
    "node_modules/zod": {
      "version": "4.3.6",
      "resolved": "https://registry.npmjs.org/zod/-/zod-4.3.6.tgz",
      "integrity": "sha512-rftlrkhHZOcjDwkGlnUtZZkvaPHCsDATp4pGpuOOMDaTdDDXF91wuVDJoWoPsKX/3YPQ5fHuF3STjcYyKr+Qhg==",
      "license": "MIT",
      "funding": {
        "url": "https://github.com/sponsors/colinhacks"
      }
    }
  }
}
